{
  "name": "rawzone2",
  "version": "1.0.0",
  "lockfileVersion": 3,
  "requires": true,
  "packages": {
    "": {
      "name": "rawzone2",
      "version": "1.0.0",
      "license": "ISC",
      "dependencies": {
        "libraw-wasm": "^1.1.2"
      }
    },
    "node_modules/libraw-wasm": {
      "version": "1.1.2",
      "resolved": "https://registry.npmjs.org/libraw-wasm/-/libraw-wasm-1.1.2.tgz",
      "integrity": "sha512-lOVdqbzCkvsLtMoTz41Pc3alQptWHCyD71jGBTnQmoNK5CTVayXGqtTSBntLil7YaO3h/yESx7e9jMskMtnOEQ==",
      "license": "ISC"
    }
  }
}
